// !$*UTF8*$!
{
	archiveVersion = 1;
	classes = {
	};
	objectVersion = 46;
	objects = {

/* Begin PBXBuildFile section */
		51AB681BD5A6D373419F7389 /* libPods.a in Frameworks */ = {isa = PBXBuildFile; fileRef = BC5C2065E11F935CC50B8761 /* libPods.a */; };
		8401BB801B60372C0008DB62 /* CoreDataHelper.m in Sources */ = {isa = PBXBuildFile; fileRef = 8401BB7F1B60372C0008DB62 /* CoreDataHelper.m */; };
		840BEDE81B542DF60018321D /* main.m in Sources */ = {isa = PBXBuildFile; fileRef = 840BEDE71B542DF60018321D /* main.m */; };
		840BEDEB1B542DF60018321D /* AppDelegate.m in Sources */ = {isa = PBXBuildFile; fileRef = 840BEDEA1B542DF60018321D /* AppDelegate.m */; };
		840BEDEE1B542DF60018321D /* TestTask.xcdatamodeld in Sources */ = {isa = PBXBuildFile; fileRef = 840BEDEC1B542DF60018321D /* TestTask.xcdatamodeld */; };
		840BEDF41B542DF60018321D /* Main.storyboard in Resources */ = {isa = PBXBuildFile; fileRef = 840BEDF21B542DF60018321D /* Main.storyboard */; };
		840BEDF61B542DF60018321D /* Images.xcassets in Resources */ = {isa = PBXBuildFile; fileRef = 840BEDF51B542DF60018321D /* Images.xcassets */; };
		840BEDF91B542DF60018321D /* LaunchScreen.xib in Resources */ = {isa = PBXBuildFile; fileRef = 840BEDF71B542DF60018321D /* LaunchScreen.xib */; };
		840BEE051B542DF60018321D /* TestTaskTests.m in Sources */ = {isa = PBXBuildFile; fileRef = 840BEE041B542DF60018321D /* TestTaskTests.m */; };
		840BEE161B5433390018321D /* TETMainViewController.m in Sources */ = {isa = PBXBuildFile; fileRef = 840BEE151B5433390018321D /* TETMainViewController.m */; };
		840BEE181B5434510018321D /* infoButton.jpg in Resources */ = {isa = PBXBuildFile; fileRef = 840BEE171B5434510018321D /* infoButton.jpg */; };
		840BEE1B1B5436610018321D /* TETDetailedViewController.m in Sources */ = {isa = PBXBuildFile; fileRef = 840BEE1A1B5436610018321D /* TETDetailedViewController.m */; };
		840BEE1D1B5437DC0018321D /* MapKit.framework in Frameworks */ = {isa = PBXBuildFile; fileRef = 840BEE1C1B5437DC0018321D /* MapKit.framework */; };
		841330D11B655BCC0067A3C5 /* background1.jpg in Resources */ = {isa = PBXBuildFile; fileRef = 841330CF1B655BCC0067A3C5 /* background1.jpg */; };
		8432CE5D1B56D842005D952E /* TETCollectionViewCell.m in Sources */ = {isa = PBXBuildFile; fileRef = 8432CE5C1B56D842005D952E /* TETCollectionViewCell.m */; };
		8454E8961B63C87400AC3DE5 /* Requests.m in Sources */ = {isa = PBXBuildFile; fileRef = 8454E8951B63C87400AC3DE5 /* Requests.m */; };
		84A0DD5E1B652A0000B1E8E4 /* RespondsForRequest.m in Sources */ = {isa = PBXBuildFile; fileRef = 84A0DD5D1B652A0000B1E8E4 /* RespondsForRequest.m */; };
/* End PBXBuildFile section */

/* Begin PBXContainerItemProxy section */
		840BEDFF1B542DF60018321D /* PBXContainerItemProxy */ = {
			isa = PBXContainerItemProxy;
			containerPortal = 840BEDDA1B542DF60018321D /* Project object */;
			proxyType = 1;
			remoteGlobalIDString = 840BEDE11B542DF60018321D;
			remoteInfo = TestTask;
		};
/* End PBXContainerItemProxy section */

/* Begin PBXFileReference section */
		770D77BF5A0B7D38622BD9B5 /* Pods.debug.xcconfig */ = {isa = PBXFileReference; includeInIndex = 1; lastKnownFileType = text.xcconfig; name = Pods.debug.xcconfig; path = "Pods/Target Support Files/Pods/Pods.debug.xcconfig"; sourceTree = "<group>"; };
		8401BB7E1B60372C0008DB62 /* CoreDataHelper.h */ = {isa = PBXFileReference; fileEncoding = 4; lastKnownFileType = sourcecode.c.h; path = CoreDataHelper.h; sourceTree = "<group>"; };
		8401BB7F1B60372C0008DB62 /* CoreDataHelper.m */ = {isa = PBXFileReference; fileEncoding = 4; lastKnownFileType = sourcecode.c.objc; path = CoreDataHelper.m; sourceTree = "<group>"; };
		840BEDE21B542DF60018321D /* TestTask.app */ = {isa = PBXFileReference; explicitFileType = wrapper.application; includeInIndex = 0; path = TestTask.app; sourceTree = BUILT_PRODUCTS_DIR; };
		840BEDE61B542DF60018321D /* Info.plist */ = {isa = PBXFileReference; lastKnownFileType = text.plist.xml; path = Info.plist; sourceTree = "<group>"; };
		840BEDE71B542DF60018321D /* main.m */ = {isa = PBXFileReference; lastKnownFileType = sourcecode.c.objc; path = main.m; sourceTree = "<group>"; };
		840BEDE91B542DF60018321D /* AppDelegate.h */ = {isa = PBXFileReference; lastKnownFileType = sourcecode.c.h; path = AppDelegate.h; sourceTree = "<group>"; };
		840BEDEA1B542DF60018321D /* AppDelegate.m */ = {isa = PBXFileReference; lastKnownFileType = sourcecode.c.objc; path = AppDelegate.m; sourceTree = "<group>"; };
		840BEDED1B542DF60018321D /* TestTask.xcdatamodel */ = {isa = PBXFileReference; lastKnownFileType = wrapper.xcdatamodel; path = TestTask.xcdatamodel; sourceTree = "<group>"; };
		840BEDF31B542DF60018321D /* Base */ = {isa = PBXFileReference; lastKnownFileType = file.storyboard; name = Base; path = Base.lproj/Main.storyboard; sourceTree = "<group>"; };
		840BEDF51B542DF60018321D /* Images.xcassets */ = {isa = PBXFileReference; lastKnownFileType = folder.assetcatalog; path = Images.xcassets; sourceTree = "<group>"; };
		840BEDF81B542DF60018321D /* Base */ = {isa = PBXFileReference; lastKnownFileType = file.xib; name = Base; path = Base.lproj/LaunchScreen.xib; sourceTree = "<group>"; };
		840BEDFE1B542DF60018321D /* TestTaskTests.xctest */ = {isa = PBXFileReference; explicitFileType = wrapper.cfbundle; includeInIndex = 0; path = TestTaskTests.xctest; sourceTree = BUILT_PRODUCTS_DIR; };
		840BEE031B542DF60018321D /* Info.plist */ = {isa = PBXFileReference; lastKnownFileType = text.plist.xml; path = Info.plist; sourceTree = "<group>"; };
		840BEE041B542DF60018321D /* TestTaskTests.m */ = {isa = PBXFileReference; lastKnownFileType = sourcecode.c.objc; path = TestTaskTests.m; sourceTree = "<group>"; };
		840BEE141B5433390018321D /* TETMainViewController.h */ = {isa = PBXFileReference; fileEncoding = 4; lastKnownFileType = sourcecode.c.h; path = TETMainViewController.h; sourceTree = "<group>"; };
		840BEE151B5433390018321D /* TETMainViewController.m */ = {isa = PBXFileReference; fileEncoding = 4; lastKnownFileType = sourcecode.c.objc; path = TETMainViewController.m; sourceTree = "<group>"; };
		840BEE171B5434510018321D /* infoButton.jpg */ = {isa = PBXFileReference; lastKnownFileType = image.jpeg; path = infoButton.jpg; sourceTree = "<group>"; };
		840BEE191B5436610018321D /* TETDetailedViewController.h */ = {isa = PBXFileReference; fileEncoding = 4; lastKnownFileType = sourcecode.c.h; path = TETDetailedViewController.h; sourceTree = "<group>"; };
		840BEE1A1B5436610018321D /* TETDetailedViewController.m */ = {isa = PBXFileReference; fileEncoding = 4; lastKnownFileType = sourcecode.c.objc; path = TETDetailedViewController.m; sourceTree = "<group>"; };
		840BEE1C1B5437DC0018321D /* MapKit.framework */ = {isa = PBXFileReference; lastKnownFileType = wrapper.framework; name = MapKit.framework; path = System/Library/Frameworks/MapKit.framework; sourceTree = SDKROOT; };
		841330CF1B655BCC0067A3C5 /* background1.jpg */ = {isa = PBXFileReference; lastKnownFileType = image.jpeg; path = background1.jpg; sourceTree = "<group>"; };
		8432CE5B1B56D842005D952E /* TETCollectionViewCell.h */ = {isa = PBXFileReference; fileEncoding = 4; lastKnownFileType = sourcecode.c.h; path = TETCollectionViewCell.h; sourceTree = "<group>"; };
		8432CE5C1B56D842005D952E /* TETCollectionViewCell.m */ = {isa = PBXFileReference; fileEncoding = 4; lastKnownFileType = sourcecode.c.objc; path = TETCollectionViewCell.m; sourceTree = "<group>"; };
		8454E8941B63C87400AC3DE5 /* Requests.h */ = {isa = PBXFileReference; fileEncoding = 4; lastKnownFileType = sourcecode.c.h; path = Requests.h; sourceTree = "<group>"; };
		8454E8951B63C87400AC3DE5 /* Requests.m */ = {isa = PBXFileReference; fileEncoding = 4; lastKnownFileType = sourcecode.c.objc; path = Requests.m; sourceTree = "<group>"; };
		84A0DD5C1B652A0000B1E8E4 /* RespondsForRequest.h */ = {isa = PBXFileReference; fileEncoding = 4; lastKnownFileType = sourcecode.c.h; path = RespondsForRequest.h; sourceTree = "<group>"; };
		84A0DD5D1B652A0000B1E8E4 /* RespondsForRequest.m */ = {isa = PBXFileReference; fileEncoding = 4; lastKnownFileType = sourcecode.c.objc; path = RespondsForRequest.m; sourceTree = "<group>"; };
		BC5C2065E11F935CC50B8761 /* libPods.a */ = {isa = PBXFileReference; explicitFileType = archive.ar; includeInIndex = 0; path = libPods.a; sourceTree = BUILT_PRODUCTS_DIR; };
		EF14A36EF1ECD403294AE213 /* Pods.release.xcconfig */ = {isa = PBXFileReference; includeInIndex = 1; lastKnownFileType = text.xcconfig; name = Pods.release.xcconfig; path = "Pods/Target Support Files/Pods/Pods.release.xcconfig"; sourceTree = "<group>"; };
/* End PBXFileReference section */

/* Begin PBXFrameworksBuildPhase section */
		840BEDDF1B542DF60018321D /* Frameworks */ = {
			isa = PBXFrameworksBuildPhase;
			buildActionMask = 2147483647;
			files = (
				840BEE1D1B5437DC0018321D /* MapKit.framework in Frameworks */,
				51AB681BD5A6D373419F7389 /* libPods.a in Frameworks */,
			);
			runOnlyForDeploymentPostprocessing = 0;
		};
		840BEDFB1B542DF60018321D /* Frameworks */ = {
			isa = PBXFrameworksBuildPhase;
			buildActionMask = 2147483647;
			files = (
			);
			runOnlyForDeploymentPostprocessing = 0;
		};
/* End PBXFrameworksBuildPhase section */

/* Begin PBXGroup section */
		8401BB771B60363D0008DB62 /* coredata */ = {
			isa = PBXGroup;
			children = (
				8401BB7E1B60372C0008DB62 /* CoreDataHelper.h */,
				8401BB7F1B60372C0008DB62 /* CoreDataHelper.m */,
				840BEDEC1B542DF60018321D /* TestTask.xcdatamodeld */,
				84A0DD5C1B652A0000B1E8E4 /* RespondsForRequest.h */,
				84A0DD5D1B652A0000B1E8E4 /* RespondsForRequest.m */,
				8454E8941B63C87400AC3DE5 /* Requests.h */,
				8454E8951B63C87400AC3DE5 /* Requests.m */,
			);
			name = coredata;
			sourceTree = "<group>";
		};
		840BEDD91B542DF60018321D = {
			isa = PBXGroup;
			children = (
				840BEE1C1B5437DC0018321D /* MapKit.framework */,
				840BEDE41B542DF60018321D /* TestTask */,
				840BEE011B542DF60018321D /* TestTaskTests */,
				840BEDE31B542DF60018321D /* Products */,
				A9488008E6DB9897BDA7A6A3 /* Pods */,
				D4B362DEF7BEF50C93AAFF44 /* Frameworks */,
			);
			sourceTree = "<group>";
		};
		840BEDE31B542DF60018321D /* Products */ = {
			isa = PBXGroup;
			children = (
				840BEDE21B542DF60018321D /* TestTask.app */,
				840BEDFE1B542DF60018321D /* TestTaskTests.xctest */,
			);
			name = Products;
			sourceTree = "<group>";
		};
		840BEDE41B542DF60018321D /* TestTask */ = {
			isa = PBXGroup;
			children = (
				8401BB771B60363D0008DB62 /* coredata */,
				840BEDE91B542DF60018321D /* AppDelegate.h */,
				840BEDEA1B542DF60018321D /* AppDelegate.m */,
				840BEE141B5433390018321D /* TETMainViewController.h */,
				840BEE151B5433390018321D /* TETMainViewController.m */,
				840BEE191B5436610018321D /* TETDetailedViewController.h */,
				840BEE1A1B5436610018321D /* TETDetailedViewController.m */,
				8432CE5B1B56D842005D952E /* TETCollectionViewCell.h */,
				8432CE5C1B56D842005D952E /* TETCollectionViewCell.m */,
				840BEDF21B542DF60018321D /* Main.storyboard */,
				840BEDF51B542DF60018321D /* Images.xcassets */,
				840BEDF71B542DF60018321D /* LaunchScreen.xib */,
				840BEDE51B542DF60018321D /* Supporting Files */,
			);
			path = TestTask;
			sourceTree = "<group>";
		};
		840BEDE51B542DF60018321D /* Supporting Files */ = {
			isa = PBXGroup;
			children = (
				841330CF1B655BCC0067A3C5 /* background1.jpg */,
				840BEE171B5434510018321D /* infoButton.jpg */,
				840BEDE61B542DF60018321D /* Info.plist */,
				840BEDE71B542DF60018321D /* main.m */,
			);
			name = "Supporting Files";
			sourceTree = "<group>";
		};
		840BEE011B542DF60018321D /* TestTaskTests */ = {
			isa = PBXGroup;
			children = (
				840BEE041B542DF60018321D /* TestTaskTests.m */,
				840BEE021B542DF60018321D /* Supporting Files */,
			);
			path = TestTaskTests;
			sourceTree = "<group>";
		};
		840BEE021B542DF60018321D /* Supporting Files */ = {
			isa = PBXGroup;
			children = (
				840BEE031B542DF60018321D /* Info.plist */,
			);
			name = "Supporting Files";
			sourceTree = "<group>";
		};
		A9488008E6DB9897BDA7A6A3 /* Pods */ = {
			isa = PBXGroup;
			children = (
				770D77BF5A0B7D38622BD9B5 /* Pods.debug.xcconfig */,
				EF14A36EF1ECD403294AE213 /* Pods.release.xcconfig */,
			);
			name = Pods;
			sourceTree = "<group>";
		};
		D4B362DEF7BEF50C93AAFF44 /* Frameworks */ = {
			isa = PBXGroup;
			children = (
				BC5C2065E11F935CC50B8761 /* libPods.a */,
			);
			name = Frameworks;
			sourceTree = "<group>";
		};
/* End PBXGroup section */

/* Begin PBXNativeTarget section */
		840BEDE11B542DF60018321D /* TestTask */ = {
			isa = PBXNativeTarget;
			buildConfigurationList = 840BEE081B542DF60018321D /* Build configuration list for PBXNativeTarget "TestTask" */;
			buildPhases = (
				327E68BE38C05F4F3817D584 /* Check Pods Manifest.lock */,
				840BEDDE1B542DF60018321D /* Sources */,
				840BEDDF1B542DF60018321D /* Frameworks */,
				840BEDE01B542DF60018321D /* Resources */,
				F3FF70BDD0B14814A00016CE /* Copy Pods Resources */,
			);
			buildRules = (
			);
			dependencies = (
			);
			name = TestTask;
			productName = TestTask;
			productReference = 840BEDE21B542DF60018321D /* TestTask.app */;
			productType = "com.apple.product-type.application";
		};
		840BEDFD1B542DF60018321D /* TestTaskTests */ = {
			isa = PBXNativeTarget;
			buildConfigurationList = 840BEE0B1B542DF60018321D /* Build configuration list for PBXNativeTarget "TestTaskTests" */;
			buildPhases = (
				840BEDFA1B542DF60018321D /* Sources */,
				840BEDFB1B542DF60018321D /* Frameworks */,
				840BEDFC1B542DF60018321D /* Resources */,
			);
			buildRules = (
			);
			dependencies = (
				840BEE001B542DF60018321D /* PBXTargetDependency */,
			);
			name = TestTaskTests;
			productName = TestTaskTests;
			productReference = 840BEDFE1B542DF60018321D /* TestTaskTests.xctest */;
			productType = "com.apple.product-type.bundle.unit-test";
		};
/* End PBXNativeTarget section */

/* Begin PBXProject section */
		840BEDDA1B542DF60018321D /* Project object */ = {
			isa = PBXProject;
			attributes = {
				LastUpgradeCheck = 0610;
				ORGANIZATIONNAME = ArtemyevSergey;
				TargetAttributes = {
					840BEDE11B542DF60018321D = {
						CreatedOnToolsVersion = 6.1.1;
					};
					840BEDFD1B542DF60018321D = {
						CreatedOnToolsVersion = 6.1.1;
						TestTargetID = 840BEDE11B542DF60018321D;
					};
				};
			};
			buildConfigurationList = 840BEDDD1B542DF60018321D /* Build configuration list for PBXProject "TestTask" */;
			compatibilityVersion = "Xcode 3.2";
			developmentRegion = English;
			hasScannedForEncodings = 0;
			knownRegions = (
				en,
				Base,
			);
			mainGroup = 840BEDD91B542DF60018321D;
			productRefGroup = 840BEDE31B542DF60018321D /* Products */;
			projectDirPath = "";
			projectRoot = "";
			targets = (
				840BEDE11B542DF60018321D /* TestTask */,
				840BEDFD1B542DF60018321D /* TestTaskTests */,
			);
		};
/* End PBXProject section */

/* Begin PBXResourcesBuildPhase section */
		840BEDE01B542DF60018321D /* Resources */ = {
			isa = PBXResourcesBuildPhase;
			buildActionMask = 2147483647;
			files = (
				840BEDF41B542DF60018321D /* Main.storyboard in Resources */,
				841330D11B655BCC0067A3C5 /* background1.jpg in Resources */,
				840BEE181B5434510018321D /* infoButton.jpg in Resources */,
				840BEDF91B542DF60018321D /* LaunchScreen.xib in Resources */,
				840BEDF61B542DF60018321D /* Images.xcassets in Resources */,
			);
			runOnlyForDeploymentPostprocessing = 0;
		};
		840BEDFC1B542DF60018321D /* Resources */ = {
			isa = PBXResourcesBuildPhase;
			buildActionMask = 2147483647;
			files = (
			);
			runOnlyForDeploymentPostprocessing = 0;
		};
/* End PBXResourcesBuildPhase section */

/* Begin PBXShellScriptBuildPhase section */
		327E68BE38C05F4F3817D584 /* Check Pods Manifest.lock */ = {
			isa = PBXShellScriptBuildPhase;
			buildActionMask = 2147483647;
			files = (
			);
			inputPaths = (
			);
			name = "Check Pods Manifest.lock";
			outputPaths = (
			);
			runOnlyForDeploymentPostprocessing = 0;
			shellPath = /bin/sh;
			shellScript = "diff \"${PODS_ROOT}/../Podfile.lock\" \"${PODS_ROOT}/Manifest.lock\" > /dev/null\nif [[ $? != 0 ]] ; then\n    cat << EOM\nerror: The sandbox is not in sync with the Podfile.lock. Run 'pod install' or update your CocoaPods installation.\nEOM\n    exit 1\nfi\n";
			showEnvVarsInLog = 0;
		};
		F3FF70BDD0B14814A00016CE /* Copy Pods Resources */ = {
			isa = PBXShellScriptBuildPhase;
			buildActionMask = 2147483647;
			files = (
			);
			inputPaths = (
			);
			name = "Copy Pods Resources";
			outputPaths = (
			);
			runOnlyForDeploymentPostprocessing = 0;
			shellPath = /bin/sh;
			shellScript = "\"${SRCROOT}/Pods/Target Support Files/Pods/Pods-resources.sh\"\n";
			showEnvVarsInLog = 0;
		};
/* End PBXShellScriptBuildPhase section */

/* Begin PBXSourcesBuildPhase section */
		840BEDDE1B542DF60018321D /* Sources */ = {
			isa = PBXSourcesBuildPhase;
			buildActionMask = 2147483647;
			files = (
				8432CE5D1B56D842005D952E /* TETCollectionViewCell.m in Sources */,
				840BEDEB1B542DF60018321D /* AppDelegate.m in Sources */,
				840BEDEE1B542DF60018321D /* TestTask.xcdatamodeld in Sources */,
				8401BB801B60372C0008DB62 /* CoreDataHelper.m in Sources */,
				840BEE1B1B5436610018321D /* TETDetailedViewController.m in Sources */,
				84A0DD5E1B652A0000B1E8E4 /* RespondsForRequest.m in Sources */,
				840BEE161B5433390018321D /* TETMainViewController.m in Sources */,
				840BEDE81B542DF60018321D /* main.m in Sources */,
				8454E8961B63C87400AC3DE5 /* Requests.m in Sources */,
			);
			runOnlyForDeploymentPostprocessing = 0;
		};
		840BEDFA1B542DF60018321D /* Sources */ = {
			isa = PBXSourcesBuildPhase;
			buildActionMask = 2147483647;
			files = (
				840BEE051B542DF60018321D /* TestTaskTests.m in Sources */,
			);
			runOnlyForDeploymentPostprocessing = 0;
		};
/* End PBXSourcesBuildPhase section */

/* Begin PBXTargetDependency section */
		840BEE001B542DF60018321D /* PBXTargetDependency */ = {
			isa = PBXTargetDependency;
			target = 840BEDE11B542DF60018321D /* TestTask */;
			targetProxy = 840BEDFF1B542DF60018321D /* PBXContainerItemProxy */;
		};
/* End PBXTargetDependency section */

/* Begin PBXVariantGroup section */
		840BEDF21B542DF60018321D /* Main.storyboard */ = {
			isa = PBXVariantGroup;
			children = (
				840BEDF31B542DF60018321D /* Base */,
			);
			name = Main.storyboard;
			sourceTree = "<group>";
		};
		840BEDF71B542DF60018321D /* LaunchScreen.xib */ = {
			isa = PBXVariantGroup;
			children = (
				840BEDF81B542DF60018321D /* Base */,
			);
			name = LaunchScreen.xib;
			sourceTree = "<group>";
		};
/* End PBXVariantGroup section */

/* Begin XCBuildConfiguration section */
		840BEE061B542DF60018321D /* Debug */ = {
			isa = XCBuildConfiguration;
			buildSettings = {
				ALWAYS_SEARCH_USER_PATHS = NO;
				CLANG_CXX_LANGUAGE_STANDARD = "gnu++0x";
				CLANG_CXX_LIBRARY = "libc++";
				CLANG_ENABLE_MODULES = YES;
				CLANG_ENABLE_OBJC_ARC = YES;
				CLANG_WARN_BOOL_CONVERSION = YES;
				CLANG_WARN_CONSTANT_CONVERSION = YES;
				CLANG_WARN_DIRECT_OBJC_ISA_USAGE = YES_ERROR;
				CLANG_WARN_EMPTY_BODY = YES;
				CLANG_WARN_ENUM_CONVERSION = YES;
				CLANG_WARN_INT_CONVERSION = YES;
				CLANG_WARN_OBJC_ROOT_CLASS = YES_ERROR;
				CLANG_WARN_UNREACHABLE_CODE = YES;
				CLANG_WARN__DUPLICATE_METHOD_MATCH = YES;
				"CODE_SIGN_IDENTITY[sdk=iphoneos*]" = "iPhone Developer";
				COPY_PHASE_STRIP = NO;
				ENABLE_STRICT_OBJC_MSGSEND = YES;
				GCC_C_LANGUAGE_STANDARD = gnu99;
				GCC_DYNAMIC_NO_PIC = NO;
				GCC_OPTIMIZATION_LEVEL = 0;
				GCC_PREPROCESSOR_DEFINITIONS = (
					"DEBUG=1",
					"$(inherited)",
				);
				GCC_SYMBOLS_PRIVATE_EXTERN = NO;
				GCC_WARN_64_TO_32_BIT_CONVERSION = YES;
				GCC_WARN_ABOUT_RETURN_TYPE = YES_ERROR;
				GCC_WARN_UNDECLARED_SELECTOR = YES;
				GCC_WARN_UNINITIALIZED_AUTOS = YES_AGGRESSIVE;
				GCC_WARN_UNUSED_FUNCTION = YES;
				GCC_WARN_UNUSED_VARIABLE = YES;
				IPHONEOS_DEPLOYMENT_TARGET = 10.1;
				MTL_ENABLE_DEBUG_INFO = YES;
				ONLY_ACTIVE_ARCH = YES;
				SDKROOT = iphoneos;
				TARGETED_DEVICE_FAMILY = "1,2";
			};
			name = Debug;
		};
		840BEE071B542DF60018321D /* Release */ = {
			isa = XCBuildConfiguration;
			buildSettings = {
				ALWAYS_SEARCH_USER_PATHS = NO;
				CLANG_CXX_LANGUAGE_STANDARD = "gnu++0x";
				CLANG_CXX_LIBRARY = "libc++";
				CLANG_ENABLE_MODULES = YES;
				CLANG_ENABLE_OBJC_ARC = YES;
				CLANG_WARN_BOOL_CONVERSION = YES;
				CLANG_WARN_CONSTANT_CONVERSION = YES;
				CLANG_WARN_DIRECT_OBJC_ISA_USAGE = YES_ERROR;
				CLANG_WARN_EMPTY_BODY = YES;
				CLANG_WARN_ENUM_CONVERSION = YES;
				CLANG_WARN_INT_CONVERSION = YES;
				CLANG_WARN_OBJC_ROOT_CLASS = YES_ERROR;
				CLANG_WARN_UNREACHABLE_CODE = YES;
				CLANG_WARN__DUPLICATE_METHOD_MATCH = YES;
				"CODE_SIGN_IDENTITY[sdk=iphoneos*]" = "iPhone Developer";
				COPY_PHASE_STRIP = YES;
				ENABLE_NS_ASSERTIONS = NO;
				ENABLE_STRICT_OBJC_MSGSEND = YES;
				GCC_C_LANGUAGE_STANDARD = gnu99;
				GCC_WARN_64_TO_32_BIT_CONVERSION = YES;
				GCC_WARN_ABOUT_RETURN_TYPE = YES_ERROR;
				GCC_WARN_UNDECLARED_SELECTOR = YES;
				GCC_WARN_UNINITIALIZED_AUTOS = YES_AGGRESSIVE;
				GCC_WARN_UNUSED_FUNCTION = YES;
				GCC_WARN_UNUSED_VARIABLE = YES;
				IPHONEOS_DEPLOYMENT_TARGET = 10.1;
				MTL_ENABLE_DEBUG_INFO = NO;
				SDKROOT = iphoneos;
				TARGETED_DEVICE_FAMILY = "1,2";
				VALIDATE_PRODUCT = YES;
			};
			name = Release;
		};
		840BEE091B542DF60018321D /* Debug */ = {
			isa = XCBuildConfiguration;
			baseConfigurationReference = 770D77BF5A0B7D38622BD9B5 /* Pods.debug.xcconfig */;
			buildSettings = {
				ASSETCATALOG_COMPILER_APPICON_NAME = AppIcon;
				ASSETCATALOG_COMPILER_LAUNCHIMAGE_NAME = LaunchImage;
				INFOPLIST_FILE = TestTask/Info.plist;
				LD_RUNPATH_SEARCH_PATHS = "$(inherited) @executable_path/Frameworks";
				PRODUCT_NAME = "$(TARGET_NAME)";
			};
			name = Debug;
		};
		840BEE0A1B542DF60018321D /* Release */ = {
			isa = XCBuildConfiguration;
			baseConfigurationReference = EF14A36EF1ECD403294AE213 /* Pods.release.xcconfig */;
			buildSettings = {
				ASSETCATALOG_COMPILER_APPICON_NAME = AppIcon;
				ASSETCATALOG_COMPILER_LAUNCHIMAGE_NAME = LaunchImage;
				INFOPLIST_FILE = TestTask/Info.plist;
				LD_RUNPATH_SEARCH_PATHS = "$(inherited) @executable_path/Frameworks";
				PRODUCT_NAME = "$(TARGET_NAME)";
			};
			name = Release;
		};
		840BEE0C1B542DF60018321D /* Debug */ = {
			isa = XCBuildConfiguration;
			buildSettings = {
				BUNDLE_LOADER = "$(TEST_HOST)";
				FRAMEWORK_SEARCH_PATHS = (
					"$(SDKROOT)/Developer/Library/Frameworks",
					"$(inherited)",
				);
				GCC_PREPROCESSOR_DEFINITIONS = (
					"DEBUG=1",
					"$(inherited)",
				);
				INFOPLIST_FILE = TestTaskTests/Info.plist;
				LD_RUNPATH_SEARCH_PATHS = "$(inherited) @executable_path/Frameworks @loader_path/Frameworks";
				PRODUCT_NAME = "$(TARGET_NAME)";
				TEST_HOST = "$(BUILT_PRODUCTS_DIR)/TestTask.app/TestTask";
			};
			name = Debug;
		};
		840BEE0D1B542DF60018321D /* Release */ = {
			isa = XCBuildConfiguration;
			buildSettings = {
				BUNDLE_LOADER = "$(TEST_HOST)";
				FRAMEWORK_SEARCH_PATHS = (
					"$(SDKROOT)/Developer/Library/Frameworks",
					"$(inherited)",
				);
				INFOPLIST_FILE = TestTaskTests/Info.plist;
				LD_RUNPATH_SEARCH_PATHS = "$(inherited) @executable_path/Frameworks @loader_path/Frameworks";
				PRODUCT_NAME = "$(TARGET_NAME)";
				TEST_HOST = "$(BUILT_PRODUCTS_DIR)/TestTask.app/TestTask";
			};
			name = Release;
		};
/* End XCBuildConfiguration section */

/* Begin XCConfigurationList section */
		840BEDDD1B542DF60018321D /* Build configuration list for PBXProject "TestTask" */ = {
			isa = XCConfigurationList;
			buildConfigurations = (
				840BEE061B542DF60018321D /* Debug */,
				840BEE071B542DF60018321D /* Release */,
			);
			defaultConfigurationIsVisible = 0;
			defaultConfigurationName = Release;
		};
		840BEE081B542DF60018321D /* Build configuration list for PBXNativeTarget "TestTask" */ = {
			isa = XCConfigurationList;
			buildConfigurations = (
				840BEE091B542DF60018321D /* Debug */,
				840BEE0A1B542DF60018321D /* Release */,
			);
			defaultConfigurationIsVisible = 0;
			defaultConfigurationName = Release;
		};
		840BEE0B1B542DF60018321D /* Build configuration list for PBXNativeTarget "TestTaskTests" */ = {
			isa = XCConfigurationList;
			buildConfigurations = (
				840BEE0C1B542DF60018321D /* Debug */,
				840BEE0D1B542DF60018321D /* Release */,
			);
			defaultConfigurationIsVisible = 0;
			defaultConfigurationName = Release;
		};
/* End XCConfigurationList section */

/* Begin XCVersionGroup section */
		840BEDEC1B542DF60018321D /* TestTask.xcdatamodeld */ = {
			isa = XCVersionGroup;
			children = (
				840BEDED1B542DF60018321D /* TestTask.xcdatamodel */,
			);
			currentVersion = 840BEDED1B542DF60018321D /* TestTask.xcdatamodel */;
			path = TestTask.xcdatamodeld;
			sourceTree = "<group>";
			versionGroupType = wrapper.xcdatamodel;
		};
/* End XCVersionGroup section */
	};
	rootObject = 840BEDDA1B542DF60018321D /* Project object */;
}
